
Microsoft Visual Studio Solution File, Format Version 12.00
# Visual Studio Version 16
VisualStudioVersion = 16.0.31313.79
MinimumVisualStudioVersion = 10.0.40219.1
Project("{FAE04EC0-301F-11D3-BF4B-00C04F79EFBC}") = "EmpWageProblems", "EmpWageProblems.csproj", "{9151C1EC-34CF-401A-A0DE-9A09577A383D}"
EndProject
Global
	GlobalSection(SolutionConfigurationPlatforms) = preSolution
		Debug|Any CPU = Debug|Any CPU
		Release|Any CPU = Release|Any CPU
	EndGlobalSection
	GlobalSection(ProjectConfigurationPlatforms) = postSolution
		{9151C1EC-34CF-401A-A0DE-9A09577A383D}.Debug|Any CPU.ActiveCfg = Debug|Any CPU
		{9151C1EC-34CF-401A-A0DE-9A09577A383D}.Debug|Any CPU.Build.0 = Debug|Any CPU
		{9151C1EC-34CF-401A-A0DE-9A09577A383D}.Release|Any CPU.ActiveCfg = Release|Any CPU
		{9151C1EC-34CF-401A-A0DE-9A09577A383D}.Release|Any CPU.Build.0 = Release|Any CPU
	EndGlobalSection
	GlobalSection(SolutionProperties) = preSolution
		HideSolutionNode = FALSE
	EndGlobalSection
	GlobalSection(ExtensibilityGlobals) = postSolution
		SolutionGuid = {4DE3E8B8-1FD0-4778-B5D2-36A5253F4003}
	EndGlobalSection
EndGlobal
